// !$*UTF8*$!
{
	archiveVersion = 1;
	classes = {
	};
	objectVersion = 50;
	objects = {

/* Begin PBXBuildFile section */
		55423C3B257B2F9B0004A58A /* game.cpp in Sources */ = {isa = PBXBuildFile; fileRef = 55423C35257B2F9B0004A58A /* game.cpp */; };
		55423C3C257B2F9B0004A58A /* runner.cpp in Sources */ = {isa = PBXBuildFile; fileRef = 55423C36257B2F9B0004A58A /* runner.cpp */; };
		55423C45257B33190004A58A /* ysglfontdata.c in Sources */ = {isa = PBXBuildFile; fileRef = 55423C43257B33190004A58A /* ysglfontdata.c */; };
		55423C49257BF4270004A58A /* Info.plist in Resources */ = {isa = PBXBuildFile; fileRef = 55423C48257BF4270004A58A /* Info.plist */; };
		55A91F72257C6BC000FE5C2C /* gameMenu.cpp in Sources */ = {isa = PBXBuildFile; fileRef = 55A91F70257C6BC000FE5C2C /* gameMenu.cpp */; };
		55A91F75257C8D3400FE5C2C /* Bullet.wav in Resources */ = {isa = PBXBuildFile; fileRef = 55A91F74257C8D3400FE5C2C /* Bullet.wav */; };
		55A91F79257C8D8100FE5C2C /* yssimplesound_macosx_cpp.cpp in Sources */ = {isa = PBXBuildFile; fileRef = 55A91F77257C8D8100FE5C2C /* yssimplesound_macosx_cpp.cpp */; };
		55A91F7A257C8D8100FE5C2C /* yssimplesound_macosx_objc.m in Sources */ = {isa = PBXBuildFile; fileRef = 55A91F78257C8D8100FE5C2C /* yssimplesound_macosx_objc.m */; };
		55A91F7E257C8E7600FE5C2C /* yssimplesound.cpp in Sources */ = {isa = PBXBuildFile; fileRef = 55A91F7C257C8E7600FE5C2C /* yssimplesound.cpp */; };
		55A91F83257C991900FE5C2C /* start.wav in Resources */ = {isa = PBXBuildFile; fileRef = 55A91F82257C991900FE5C2C /* start.wav */; };
		55BD779625685D1B000E66C5 /* fssimplewindowobjc.m in Sources */ = {isa = PBXBuildFile; fileRef = 55BD779425685D1B000E66C5 /* fssimplewindowobjc.m */; };
		55BD779725685D1B000E66C5 /* fssimplewindowcpp.cpp in Sources */ = {isa = PBXBuildFile; fileRef = 55BD779525685D1B000E66C5 /* fssimplewindowcpp.cpp */; };
		55BD779B25685D35000E66C5 /* OpenGL.framework in Frameworks */ = {isa = PBXBuildFile; fileRef = 55BD779A25685D35000E66C5 /* OpenGL.framework */; };
		55BD779E25685DB3000E66C5 /* tank.cpp in Sources */ = {isa = PBXBuildFile; fileRef = 55BD779C25685DB3000E66C5 /* tank.cpp */; };
		55BD77A725686301000E66C5 /* bullet.cpp in Sources */ = {isa = PBXBuildFile; fileRef = 55BD77A625686301000E66C5 /* bullet.cpp */; };
		55BD77AC256869C6000E66C5 /* base.cpp in Sources */ = {isa = PBXBuildFile; fileRef = 55BD77AB256869C6000E66C5 /* base.cpp */; };
		55BD77B425689A10000E66C5 /* block_maze.cpp in Sources */ = {isa = PBXBuildFile; fileRef = 55BD77B225689A10000E66C5 /* block_maze.cpp */; };
/* End PBXBuildFile section */

/* Begin PBXFileReference section */
		55423C35257B2F9B0004A58A /* game.cpp */ = {isa = PBXFileReference; fileEncoding = 4; lastKnownFileType = sourcecode.cpp.cpp; path = game.cpp; sourceTree = "<group>"; };
		55423C36257B2F9B0004A58A /* runner.cpp */ = {isa = PBXFileReference; fileEncoding = 4; lastKnownFileType = sourcecode.cpp.cpp; path = runner.cpp; sourceTree = "<group>"; };
		55423C38257B2F9B0004A58A /* game.h */ = {isa = PBXFileReference; fileEncoding = 4; lastKnownFileType = sourcecode.c.h; path = game.h; sourceTree = "<group>"; };
		55423C43257B33190004A58A /* ysglfontdata.c */ = {isa = PBXFileReference; fileEncoding = 4; lastKnownFileType = sourcecode.c.c; path = ysglfontdata.c; sourceTree = "<group>"; };
		55423C44257B33190004A58A /* ysglfontdata.h */ = {isa = PBXFileReference; fileEncoding = 4; lastKnownFileType = sourcecode.c.h; path = ysglfontdata.h; sourceTree = "<group>"; };
		55423C48257BF4270004A58A /* Info.plist */ = {isa = PBXFileReference; fileEncoding = 4; lastKnownFileType = text.plist.xml; path = Info.plist; sourceTree = "<group>"; };
		55A91F70257C6BC000FE5C2C /* gameMenu.cpp */ = {isa = PBXFileReference; fileEncoding = 4; lastKnownFileType = sourcecode.cpp.cpp; path = gameMenu.cpp; sourceTree = "<group>"; };
		55A91F71257C6BC000FE5C2C /* gameMenu.h */ = {isa = PBXFileReference; fileEncoding = 4; lastKnownFileType = sourcecode.c.h; path = gameMenu.h; sourceTree = "<group>"; };
		55A91F74257C8D3400FE5C2C /* Bullet.wav */ = {isa = PBXFileReference; lastKnownFileType = audio.wav; path = Bullet.wav; sourceTree = "<group>"; };
		55A91F77257C8D8100FE5C2C /* yssimplesound_macosx_cpp.cpp */ = {isa = PBXFileReference; fileEncoding = 4; lastKnownFileType = sourcecode.cpp.cpp; path = yssimplesound_macosx_cpp.cpp; sourceTree = "<group>"; };
		55A91F78257C8D8100FE5C2C /* yssimplesound_macosx_objc.m */ = {isa = PBXFileReference; fileEncoding = 4; lastKnownFileType = sourcecode.c.objc; path = yssimplesound_macosx_objc.m; sourceTree = "<group>"; };
		55A91F7C257C8E7600FE5C2C /* yssimplesound.cpp */ = {isa = PBXFileReference; fileEncoding = 4; lastKnownFileType = sourcecode.cpp.cpp; path = yssimplesound.cpp; sourceTree = "<group>"; };
		55A91F7D257C8E7600FE5C2C /* yssimplesound.h */ = {isa = PBXFileReference; fileEncoding = 4; lastKnownFileType = sourcecode.c.h; path = yssimplesound.h; sourceTree = "<group>"; };
		55A91F82257C991900FE5C2C /* start.wav */ = {isa = PBXFileReference; lastKnownFileType = audio.wav; path = start.wav; sourceTree = "<group>"; };
		55BD777D25685C88000E66C5 /* Tank.app */ = {isa = PBXFileReference; explicitFileType = wrapper.application; includeInIndex = 0; path = Tank.app; sourceTree = BUILT_PRODUCTS_DIR; };
		55BD779325685D1B000E66C5 /* fssimplewindow.h */ = {isa = PBXFileReference; fileEncoding = 4; lastKnownFileType = sourcecode.c.h; path = fssimplewindow.h; sourceTree = "<group>"; };
		55BD779425685D1B000E66C5 /* fssimplewindowobjc.m */ = {isa = PBXFileReference; fileEncoding = 4; lastKnownFileType = sourcecode.c.objc; path = fssimplewindowobjc.m; sourceTree = "<group>"; };
		55BD779525685D1B000E66C5 /* fssimplewindowcpp.cpp */ = {isa = PBXFileReference; fileEncoding = 4; lastKnownFileType = sourcecode.cpp.cpp; path = fssimplewindowcpp.cpp; sourceTree = "<group>"; };
		55BD779A25685D35000E66C5 /* OpenGL.framework */ = {isa = PBXFileReference; lastKnownFileType = wrapper.framework; name = OpenGL.framework; path = System/Library/Frameworks/OpenGL.framework; sourceTree = SDKROOT; };
		55BD779C25685DB3000E66C5 /* tank.cpp */ = {isa = PBXFileReference; lastKnownFileType = sourcecode.cpp.cpp; path = tank.cpp; sourceTree = "<group>"; };
		55BD77A125685E5D000E66C5 /* tank.h */ = {isa = PBXFileReference; lastKnownFileType = sourcecode.c.h; path = tank.h; sourceTree = "<group>"; };
		55BD77A625686301000E66C5 /* bullet.cpp */ = {isa = PBXFileReference; lastKnownFileType = sourcecode.cpp.cpp; path = bullet.cpp; sourceTree = "<group>"; };
		55BD77A925686313000E66C5 /* bullet.h */ = {isa = PBXFileReference; lastKnownFileType = sourcecode.c.h; path = bullet.h; sourceTree = "<group>"; };
		55BD77AB256869C6000E66C5 /* base.cpp */ = {isa = PBXFileReference; lastKnownFileType = sourcecode.cpp.cpp; path = base.cpp; sourceTree = "<group>"; };
		55BD77AE256869F2000E66C5 /* base.h */ = {isa = PBXFileReference; lastKnownFileType = sourcecode.c.h; path = base.h; sourceTree = "<group>"; };
		55BD77B025686FA0000E66C5 /* direction.h */ = {isa = PBXFileReference; lastKnownFileType = sourcecode.c.h; path = direction.h; sourceTree = "<group>"; };
		55BD77B225689A10000E66C5 /* block_maze.cpp */ = {isa = PBXFileReference; fileEncoding = 4; lastKnownFileType = sourcecode.cpp.cpp; path = block_maze.cpp; sourceTree = "<group>"; };
		55BD77B325689A10000E66C5 /* block_maze.h */ = {isa = PBXFileReference; fileEncoding = 4; lastKnownFileType = sourcecode.c.h; path = block_maze.h; sourceTree = "<group>"; };
/* End PBXFileReference section */

/* Begin PBXFrameworksBuildPhase section */
		55BD777A25685C88000E66C5 /* Frameworks */ = {
			isa = PBXFrameworksBuildPhase;
			buildActionMask = 2147483647;
			files = (
				55BD779B25685D35000E66C5 /* OpenGL.framework in Frameworks */,
			);
			runOnlyForDeploymentPostprocessing = 0;
		};
/* End PBXFrameworksBuildPhase section */

/* Begin PBXGroup section */
		55BD777425685C88000E66C5 = {
			isa = PBXGroup;
			children = (
				55BD777F25685C88000E66C5 /* Tank */,
				55BD777E25685C88000E66C5 /* Products */,
				55BD779925685D34000E66C5 /* Frameworks */,
			);
			sourceTree = "<group>";
		};
		55BD777E25685C88000E66C5 /* Products */ = {
			isa = PBXGroup;
			children = (
				55BD777D25685C88000E66C5 /* Tank.app */,
			);
			name = Products;
			sourceTree = "<group>";
		};
		55BD777F25685C88000E66C5 /* Tank */ = {
			isa = PBXGroup;
			children = (
				55A91F82257C991900FE5C2C /* start.wav */,
				55A91F7C257C8E7600FE5C2C /* yssimplesound.cpp */,
				55A91F7D257C8E7600FE5C2C /* yssimplesound.h */,
				55A91F77257C8D8100FE5C2C /* yssimplesound_macosx_cpp.cpp */,
				55A91F78257C8D8100FE5C2C /* yssimplesound_macosx_objc.m */,
				55A91F74257C8D3400FE5C2C /* Bullet.wav */,
				55A91F70257C6BC000FE5C2C /* gameMenu.cpp */,
				55A91F71257C6BC000FE5C2C /* gameMenu.h */,
				55423C48257BF4270004A58A /* Info.plist */,
				55423C43257B33190004A58A /* ysglfontdata.c */,
				55423C44257B33190004A58A /* ysglfontdata.h */,
				55423C35257B2F9B0004A58A /* game.cpp */,
				55423C38257B2F9B0004A58A /* game.h */,
				55423C36257B2F9B0004A58A /* runner.cpp */,
				55BD77B225689A10000E66C5 /* block_maze.cpp */,
				55BD77B325689A10000E66C5 /* block_maze.h */,
				55BD779325685D1B000E66C5 /* fssimplewindow.h */,
				55BD779525685D1B000E66C5 /* fssimplewindowcpp.cpp */,
				55BD779425685D1B000E66C5 /* fssimplewindowobjc.m */,
				55BD779C25685DB3000E66C5 /* tank.cpp */,
				55BD77A125685E5D000E66C5 /* tank.h */,
				55BD77A625686301000E66C5 /* bullet.cpp */,
				55BD77A925686313000E66C5 /* bullet.h */,
				55BD77AB256869C6000E66C5 /* base.cpp */,
				55BD77AE256869F2000E66C5 /* base.h */,
				55BD77B025686FA0000E66C5 /* direction.h */,
			);
			path = Tank;
			sourceTree = "<group>";
		};
		55BD779925685D34000E66C5 /* Frameworks */ = {
			isa = PBXGroup;
			children = (
				55BD779A25685D35000E66C5 /* OpenGL.framework */,
			);
			name = Frameworks;
			sourceTree = "<group>";
		};
/* End PBXGroup section */

/* Begin PBXNativeTarget section */
		55BD777C25685C88000E66C5 /* Tank */ = {
			isa = PBXNativeTarget;
			buildConfigurationList = 55BD778E25685C89000E66C5 /* Build configuration list for PBXNativeTarget "Tank" */;
			buildPhases = (
				55BD777925685C88000E66C5 /* Sources */,
				55BD777A25685C88000E66C5 /* Frameworks */,
				55BD777B25685C88000E66C5 /* Resources */,
			);
			buildRules = (
			);
			dependencies = (
			);
			name = Tank;
			productName = Tank;
			productReference = 55BD777D25685C88000E66C5 /* Tank.app */;
			productType = "com.apple.product-type.application";
		};
/* End PBXNativeTarget section */

/* Begin PBXProject section */
		55BD777525685C88000E66C5 /* Project object */ = {
			isa = PBXProject;
			attributes = {
				LastUpgradeCheck = 1220;
				TargetAttributes = {
					55BD777C25685C88000E66C5 = {
						CreatedOnToolsVersion = 12.2;
					};
				};
			};
			buildConfigurationList = 55BD777825685C88000E66C5 /* Build configuration list for PBXProject "Tank" */;
			compatibilityVersion = "Xcode 9.3";
			developmentRegion = en;
			hasScannedForEncodings = 0;
			knownRegions = (
				en,
				Base,
			);
			mainGroup = 55BD777425685C88000E66C5;
			productRefGroup = 55BD777E25685C88000E66C5 /* Products */;
			projectDirPath = "";
			projectRoot = "";
			targets = (
				55BD777C25685C88000E66C5 /* Tank */,
			);
		};
/* End PBXProject section */

/* Begin PBXResourcesBuildPhase section */
		55BD777B25685C88000E66C5 /* Resources */ = {
			isa = PBXResourcesBuildPhase;
			buildActionMask = 2147483647;
			files = (
				55A91F75257C8D3400FE5C2C /* Bullet.wav in Resources */,
				55A91F83257C991900FE5C2C /* start.wav in Resources */,
				55423C49257BF4270004A58A /* Info.plist in Resources */,
			);
			runOnlyForDeploymentPostprocessing = 0;
		};
/* End PBXResourcesBuildPhase section */

/* Begin PBXSourcesBuildPhase section */
		55BD777925685C88000E66C5 /* Sources */ = {
			isa = PBXSourcesBuildPhase;
			buildActionMask = 2147483647;
			files = (
				55A91F7A257C8D8100FE5C2C /* yssimplesound_macosx_objc.m in Sources */,
				55BD779725685D1B000E66C5 /* fssimplewindowcpp.cpp in Sources */,
				55423C45257B33190004A58A /* ysglfontdata.c in Sources */,
				55A91F7E257C8E7600FE5C2C /* yssimplesound.cpp in Sources */,
				55A91F72257C6BC000FE5C2C /* gameMenu.cpp in Sources */,
				55423C3B257B2F9B0004A58A /* game.cpp in Sources */,
				55BD779625685D1B000E66C5 /* fssimplewindowobjc.m in Sources */,
				55A91F79257C8D8100FE5C2C /* yssimplesound_macosx_cpp.cpp in Sources */,
				55BD77AC256869C6000E66C5 /* base.cpp in Sources */,
				55BD77A725686301000E66C5 /* bullet.cpp in Sources */,
				55423C3C257B2F9B0004A58A /* runner.cpp in Sources */,
				55BD779E25685DB3000E66C5 /* tank.cpp in Sources */,
				55BD77B425689A10000E66C5 /* block_maze.cpp in Sources */,
			);
			runOnlyForDeploymentPostprocessing = 0;
		};
/* End PBXSourcesBuildPhase section */

/* Begin XCBuildConfiguration section */
		55BD778C25685C89000E66C5 /* Debug */ = {
			isa = XCBuildConfiguration;
			buildSettings = {
				ALWAYS_SEARCH_USER_PATHS = NO;
				CLANG_ANALYZER_NONNULL = YES;
				CLANG_ANALYZER_NUMBER_OBJECT_CONVERSION = YES_AGGRESSIVE;
				CLANG_CXX_LANGUAGE_STANDARD = "gnu++14";
				CLANG_CXX_LIBRARY = "libc++";
				CLANG_ENABLE_MODULES = YES;
				CLANG_ENABLE_OBJC_ARC = YES;
				CLANG_ENABLE_OBJC_WEAK = YES;
				CLANG_WARN_BLOCK_CAPTURE_AUTORELEASING = YES;
				CLANG_WARN_BOOL_CONVERSION = YES;
				CLANG_WARN_COMMA = YES;
				CLANG_WARN_CONSTANT_CONVERSION = YES;
				CLANG_WARN_DEPRECATED_OBJC_IMPLEMENTATIONS = YES;
				CLANG_WARN_DIRECT_OBJC_ISA_USAGE = YES_ERROR;
				CLANG_WARN_DOCUMENTATION_COMMENTS = YES;
				CLANG_WARN_EMPTY_BODY = YES;
				CLANG_WARN_ENUM_CONVERSION = YES;
				CLANG_WARN_INFINITE_RECURSION = YES;
				CLANG_WARN_INT_CONVERSION = YES;
				CLANG_WARN_NON_LITERAL_NULL_CONVERSION = YES;
				CLANG_WARN_OBJC_IMPLICIT_RETAIN_SELF = YES;
				CLANG_WARN_OBJC_LITERAL_CONVERSION = YES;
				CLANG_WARN_OBJC_ROOT_CLASS = YES_ERROR;
				CLANG_WARN_QUOTED_INCLUDE_IN_FRAMEWORK_HEADER = YES;
				CLANG_WARN_RANGE_LOOP_ANALYSIS = YES;
				CLANG_WARN_STRICT_PROTOTYPES = YES;
				CLANG_WARN_SUSPICIOUS_MOVE = YES;
				CLANG_WARN_UNGUARDED_AVAILABILITY = YES_AGGRESSIVE;
				CLANG_WARN_UNREACHABLE_CODE = YES;
				CLANG_WARN__DUPLICATE_METHOD_MATCH = YES;
				COPY_PHASE_STRIP = NO;
				DEBUG_INFORMATION_FORMAT = dwarf;
				ENABLE_STRICT_OBJC_MSGSEND = YES;
				ENABLE_TESTABILITY = YES;
				GCC_C_LANGUAGE_STANDARD = gnu11;
				GCC_DYNAMIC_NO_PIC = NO;
				GCC_NO_COMMON_BLOCKS = YES;
				GCC_OPTIMIZATION_LEVEL = 0;
				GCC_PREPROCESSOR_DEFINITIONS = (
					"DEBUG=1",
					"$(inherited)",
				);
				GCC_WARN_64_TO_32_BIT_CONVERSION = YES;
				GCC_WARN_ABOUT_RETURN_TYPE = YES_ERROR;
				GCC_WARN_UNDECLARED_SELECTOR = YES;
				GCC_WARN_UNINITIALIZED_AUTOS = YES_AGGRESSIVE;
				GCC_WARN_UNUSED_FUNCTION = YES;
				GCC_WARN_UNUSED_VARIABLE = YES;
				MACOSX_DEPLOYMENT_TARGET = 11.0;
				MTL_ENABLE_DEBUG_INFO = INCLUDE_SOURCE;
				MTL_FAST_MATH = YES;
				ONLY_ACTIVE_ARCH = YES;
				SDKROOT = macosx;
			};
			name = Debug;
		};
		55BD778D25685C89000E66C5 /* Release */ = {
			isa = XCBuildConfiguration;
			buildSettings = {
				ALWAYS_SEARCH_USER_PATHS = NO;
				CLANG_ANALYZER_NONNULL = YES;
				CLANG_ANALYZER_NUMBER_OBJECT_CONVERSION = YES_AGGRESSIVE;
				CLANG_CXX_LANGUAGE_STANDARD = "gnu++14";
				CLANG_CXX_LIBRARY = "libc++";
				CLANG_ENABLE_MODULES = YES;
				CLANG_ENABLE_OBJC_ARC = YES;
				CLANG_ENABLE_OBJC_WEAK = YES;
				CLANG_WARN_BLOCK_CAPTURE_AUTORELEASING = YES;
				CLANG_WARN_BOOL_CONVERSION = YES;
				CLANG_WARN_COMMA = YES;
				CLANG_WARN_CONSTANT_CONVERSION = YES;
				CLANG_WARN_DEPRECATED_OBJC_IMPLEMENTATIONS = YES;
				CLANG_WARN_DIRECT_OBJC_ISA_USAGE = YES_ERROR;
				CLANG_WARN_DOCUMENTATION_COMMENTS = YES;
				CLANG_WARN_EMPTY_BODY = YES;
				CLANG_WARN_ENUM_CONVERSION = YES;
				CLANG_WARN_INFINITE_RECURSION = YES;
				CLANG_WARN_INT_CONVERSION = YES;
				CLANG_WARN_NON_LITERAL_NULL_CONVERSION = YES;
				CLANG_WARN_OBJC_IMPLICIT_RETAIN_SELF = YES;
				CLANG_WARN_OBJC_LITERAL_CONVERSION = YES;
				CLANG_WARN_OBJC_ROOT_CLASS = YES_ERROR;
				CLANG_WARN_QUOTED_INCLUDE_IN_FRAMEWORK_HEADER = YES;
				CLANG_WARN_RANGE_LOOP_ANALYSIS = YES;
				CLANG_WARN_STRICT_PROTOTYPES = YES;
				CLANG_WARN_SUSPICIOUS_MOVE = YES;
				CLANG_WARN_UNGUARDED_AVAILABILITY = YES_AGGRESSIVE;
				CLANG_WARN_UNREACHABLE_CODE = YES;
				CLANG_WARN__DUPLICATE_METHOD_MATCH = YES;
				COPY_PHASE_STRIP = NO;
				DEBUG_INFORMATION_FORMAT = "dwarf-with-dsym";
				ENABLE_NS_ASSERTIONS = NO;
				ENABLE_STRICT_OBJC_MSGSEND = YES;
				GCC_C_LANGUAGE_STANDARD = gnu11;
				GCC_NO_COMMON_BLOCKS = YES;
				GCC_WARN_64_TO_32_BIT_CONVERSION = YES;
				GCC_WARN_ABOUT_RETURN_TYPE = YES_ERROR;
				GCC_WARN_UNDECLARED_SELECTOR = YES;
				GCC_WARN_UNINITIALIZED_AUTOS = YES_AGGRESSIVE;
				GCC_WARN_UNUSED_FUNCTION = YES;
				GCC_WARN_UNUSED_VARIABLE = YES;
				MACOSX_DEPLOYMENT_TARGET = 11.0;
				MTL_ENABLE_DEBUG_INFO = NO;
				MTL_FAST_MATH = YES;
				SDKROOT = macosx;
			};
			name = Release;
		};
		55BD778F25685C89000E66C5 /* Debug */ = {
			isa = XCBuildConfiguration;
			buildSettings = {
				ASSETCATALOG_COMPILER_APPICON_NAME = AppIcon;
				ASSETCATALOG_COMPILER_GLOBAL_ACCENT_COLOR_NAME = AccentColor;
				CODE_SIGN_ENTITLEMENTS = Tank/Tank.entitlements;
				CODE_SIGN_STYLE = Automatic;
				COMBINE_HIDPI_IMAGES = YES;
				INFOPLIST_FILE = Tank/Info.plist;
				LD_RUNPATH_SEARCH_PATHS = (
					"$(inherited)",
					"@executable_path/../Frameworks",
				);
				PRODUCT_BUNDLE_IDENTIFIER = changhay.Tank;
				PRODUCT_NAME = "$(TARGET_NAME)";
			};
			name = Debug;
		};
		55BD779025685C89000E66C5 /* Release */ = {
			isa = XCBuildConfiguration;
			buildSettings = {
				ASSETCATALOG_COMPILER_APPICON_NAME = AppIcon;
				ASSETCATALOG_COMPILER_GLOBAL_ACCENT_COLOR_NAME = AccentColor;
				CODE_SIGN_ENTITLEMENTS = Tank/Tank.entitlements;
				CODE_SIGN_STYLE = Automatic;
				COMBINE_HIDPI_IMAGES = YES;
				INFOPLIST_FILE = Tank/Info.plist;
				LD_RUNPATH_SEARCH_PATHS = (
					"$(inherited)",
					"@executable_path/../Frameworks",
				);
				PRODUCT_BUNDLE_IDENTIFIER = changhay.Tank;
				PRODUCT_NAME = "$(TARGET_NAME)";
			};
			name = Release;
		};
/* End XCBuildConfiguration section */

/* Begin XCConfigurationList section */
		55BD777825685C88000E66C5 /* Build configuration list for PBXProject "Tank" */ = {
			isa = XCConfigurationList;
			buildConfigurations = (
				55BD778C25685C89000E66C5 /* Debug */,
				55BD778D25685C89000E66C5 /* Release */,
			);
			defaultConfigurationIsVisible = 0;
			defaultConfigurationName = Release;
		};
		55BD778E25685C89000E66C5 /* Build configuration list for PBXNativeTarget "Tank" */ = {
			isa = XCConfigurationList;
			buildConfigurations = (
				55BD778F25685C89000E66C5 /* Debug */,
				55BD779025685C89000E66C5 /* Release */,
			);
			defaultConfigurationIsVisible = 0;
			defaultConfigurationName = Release;
		};
/* End XCConfigurationList section */
	};
	rootObject = 55BD777525685C88000E66C5 /* Project object */;
}
